
Microsoft Visual Studio Solution File, Format Version 12.00
# Visual Studio Version 17
VisualStudioVersion = 17.3.32929.385
MinimumVisualStudioVersion = 10.0.40219.1
Project("{FAE04EC0-301F-11D3-BF4B-00C04F79EFBC}") = "book-proxy-pattern-example", "book-proxy-pattern-example\book-proxy-pattern-example.csproj", "{4F6A9A14-C5C9-48E7-A3AF-7BAF7572A085}"
EndProject
Global
	GlobalSection(SolutionConfigurationPlatforms) = preSolution
		Debug|Any CPU = Debug|Any CPU
		Release|Any CPU = Release|Any CPU
	EndGlobalSection
	GlobalSection(ProjectConfigurationPlatforms) = postSolution
		{4F6A9A14-C5C9-48E7-A3AF-7BAF7572A085}.Debug|Any CPU.ActiveCfg = Debug|Any CPU
		{4F6A9A14-C5C9-48E7-A3AF-7BAF7572A085}.Debug|Any CPU.Build.0 = Debug|Any CPU
		{4F6A9A14-C5C9-48E7-A3AF-7BAF7572A085}.Release|Any CPU.ActiveCfg = Release|Any CPU
		{4F6A9A14-C5C9-48E7-A3AF-7BAF7572A085}.Release|Any CPU.Build.0 = Release|Any CPU
	EndGlobalSection
	GlobalSection(SolutionProperties) = preSolution
		HideSolutionNode = FALSE
	EndGlobalSection
	GlobalSection(ExtensibilityGlobals) = postSolution
		SolutionGuid = {B8BF5C1D-FB7B-4540-B51A-3762C9CE0D68}
	EndGlobalSection
EndGlobal
